// !$*UTF8*$!
{
	archiveVersion = 1;
	classes = {
	};
	objectVersion = 51;
	objects = {

/* Begin PBXBuildFile section */
		333056992544F17900D557A5 /* SignUpViewController.swift in Sources */ = {isa = PBXBuildFile; fileRef = 333056982544F17900D557A5 /* SignUpViewController.swift */; };
		3330569B2544F18D00D557A5 /* LoginViewController.swift in Sources */ = {isa = PBXBuildFile; fileRef = 3330569A2544F18D00D557A5 /* LoginViewController.swift */; };
		3330569D2544F19C00D557A5 /* HomeViewController.swift in Sources */ = {isa = PBXBuildFile; fileRef = 3330569C2544F19C00D557A5 /* HomeViewController.swift */; };
		334809D525450DB7006AA26E /* GoogleService-Info.plist in Resources */ = {isa = PBXBuildFile; fileRef = 334809D425450DB7006AA26E /* GoogleService-Info.plist */; };
		336986752548A190000C9647 /* Constants.swift in Sources */ = {isa = PBXBuildFile; fileRef = 336986742548A190000C9647 /* Constants.swift */; };
		33807B9E255C739000158BC8 /* Roboto-Medium.ttf in Resources */ = {isa = PBXBuildFile; fileRef = 33807B91255C738F00158BC8 /* Roboto-Medium.ttf */; };
		33807B9F255C739000158BC8 /* Roboto-Light.ttf in Resources */ = {isa = PBXBuildFile; fileRef = 33807B92255C738F00158BC8 /* Roboto-Light.ttf */; };
		33807BA0255C739000158BC8 /* Roboto-Regular.ttf in Resources */ = {isa = PBXBuildFile; fileRef = 33807B93255C738F00158BC8 /* Roboto-Regular.ttf */; };
		33807BA1255C739000158BC8 /* Roboto-MediumItalic.ttf in Resources */ = {isa = PBXBuildFile; fileRef = 33807B94255C738F00158BC8 /* Roboto-MediumItalic.ttf */; };
		33807BA2255C739000158BC8 /* Roboto-ThinItalic.ttf in Resources */ = {isa = PBXBuildFile; fileRef = 33807B95255C738F00158BC8 /* Roboto-ThinItalic.ttf */; };
		33807BA3255C739000158BC8 /* Roboto-BoldItalic.ttf in Resources */ = {isa = PBXBuildFile; fileRef = 33807B96255C738F00158BC8 /* Roboto-BoldItalic.ttf */; };
		33807BA4255C739000158BC8 /* Roboto-LightItalic.ttf in Resources */ = {isa = PBXBuildFile; fileRef = 33807B97255C738F00158BC8 /* Roboto-LightItalic.ttf */; };
		33807BA5255C739000158BC8 /* Roboto-Italic.ttf in Resources */ = {isa = PBXBuildFile; fileRef = 33807B98255C738F00158BC8 /* Roboto-Italic.ttf */; };
		33807BA7255C739000158BC8 /* Roboto-BlackItalic.ttf in Resources */ = {isa = PBXBuildFile; fileRef = 33807B9A255C738F00158BC8 /* Roboto-BlackItalic.ttf */; };
		33807BA8255C739000158BC8 /* Roboto-Bold.ttf in Resources */ = {isa = PBXBuildFile; fileRef = 33807B9B255C738F00158BC8 /* Roboto-Bold.ttf */; };
		33807BA9255C739000158BC8 /* Roboto-Thin.ttf in Resources */ = {isa = PBXBuildFile; fileRef = 33807B9C255C738F00158BC8 /* Roboto-Thin.ttf */; };
		33807BAA255C739000158BC8 /* Roboto-Black.ttf in Resources */ = {isa = PBXBuildFile; fileRef = 33807B9D255C738F00158BC8 /* Roboto-Black.ttf */; };
		3397DE3B253B5C9500C1A7A7 /* AppDelegate.swift in Sources */ = {isa = PBXBuildFile; fileRef = 3397DE3A253B5C9500C1A7A7 /* AppDelegate.swift */; };
		3397DE3D253B5C9500C1A7A7 /* SceneDelegate.swift in Sources */ = {isa = PBXBuildFile; fileRef = 3397DE3C253B5C9500C1A7A7 /* SceneDelegate.swift */; };
		3397DE3F253B5C9500C1A7A7 /* ViewController.swift in Sources */ = {isa = PBXBuildFile; fileRef = 3397DE3E253B5C9500C1A7A7 /* ViewController.swift */; };
		3397DE42253B5C9500C1A7A7 /* Main.storyboard in Resources */ = {isa = PBXBuildFile; fileRef = 3397DE40253B5C9500C1A7A7 /* Main.storyboard */; };
		3397DE44253B5C9C00C1A7A7 /* Assets.xcassets in Resources */ = {isa = PBXBuildFile; fileRef = 3397DE43253B5C9C00C1A7A7 /* Assets.xcassets */; };
		3397DE47253B5C9C00C1A7A7 /* LaunchScreen.storyboard in Resources */ = {isa = PBXBuildFile; fileRef = 3397DE45253B5C9C00C1A7A7 /* LaunchScreen.storyboard */; };
		33D261CB255704F400A08091 /* PixelOperatorSC.ttf in Resources */ = {isa = PBXBuildFile; fileRef = 33D261BB255704F400A08091 /* PixelOperatorSC.ttf */; };
		33D261CC255704F400A08091 /* PixelOperatorMono8.ttf in Resources */ = {isa = PBXBuildFile; fileRef = 33D261BC255704F400A08091 /* PixelOperatorMono8.ttf */; };
		33D261CD255704F400A08091 /* PixelOperator8.ttf in Resources */ = {isa = PBXBuildFile; fileRef = 33D261BD255704F400A08091 /* PixelOperator8.ttf */; };
		33D261CE255704F400A08091 /* PixelOperatorMono-Bold.ttf in Resources */ = {isa = PBXBuildFile; fileRef = 33D261BE255704F400A08091 /* PixelOperatorMono-Bold.ttf */; };
		33D261CF255704F400A08091 /* PixelOperator-Bold.ttf in Resources */ = {isa = PBXBuildFile; fileRef = 33D261BF255704F400A08091 /* PixelOperator-Bold.ttf */; };
		33D261D0255704F400A08091 /* PixelOperator8-Bold.ttf in Resources */ = {isa = PBXBuildFile; fileRef = 33D261C0255704F400A08091 /* PixelOperator8-Bold.ttf */; };
		33D261D1255704F400A08091 /* PixelOperatorHBSC.ttf in Resources */ = {isa = PBXBuildFile; fileRef = 33D261C1255704F400A08091 /* PixelOperatorHBSC.ttf */; };
		33D261D2255704F400A08091 /* PixelOperator.ttf in Resources */ = {isa = PBXBuildFile; fileRef = 33D261C2255704F400A08091 /* PixelOperator.ttf */; };
		33D261D3255704F400A08091 /* PixelOperatorHB8.ttf in Resources */ = {isa = PBXBuildFile; fileRef = 33D261C3255704F400A08091 /* PixelOperatorHB8.ttf */; };
		33D261D4255704F400A08091 /* PixelOperatorMonoHB.ttf in Resources */ = {isa = PBXBuildFile; fileRef = 33D261C4255704F400A08091 /* PixelOperatorMonoHB.ttf */; };
		33D261D5255704F400A08091 /* PixelOperatorMono.ttf in Resources */ = {isa = PBXBuildFile; fileRef = 33D261C5255704F400A08091 /* PixelOperatorMono.ttf */; };
		33D261D6255704F400A08091 /* LICENSE.txt in Resources */ = {isa = PBXBuildFile; fileRef = 33D261C6255704F400A08091 /* LICENSE.txt */; };
		33D261D7255704F400A08091 /* PixelOperatorHB.ttf in Resources */ = {isa = PBXBuildFile; fileRef = 33D261C7255704F400A08091 /* PixelOperatorHB.ttf */; };
		33D261D8255704F400A08091 /* PixelOperatorMonoHB8.ttf in Resources */ = {isa = PBXBuildFile; fileRef = 33D261C8255704F400A08091 /* PixelOperatorMonoHB8.ttf */; };
		33D261D9255704F400A08091 /* PixelOperatorSC-Bold.ttf in Resources */ = {isa = PBXBuildFile; fileRef = 33D261C9255704F400A08091 /* PixelOperatorSC-Bold.ttf */; };
		33D261DA255704F400A08091 /* PixelOperatorMono8-Bold.ttf in Resources */ = {isa = PBXBuildFile; fileRef = 33D261CA255704F400A08091 /* PixelOperatorMono8-Bold.ttf */; };
		33E0AC15254796C100FF5CF3 /* LoadingViewController.swift in Sources */ = {isa = PBXBuildFile; fileRef = 33E0AC14254796C100FF5CF3 /* LoadingViewController.swift */; };
		E627EBDAA2B85C33347DFE7E /* Pods_stepcity.framework in Frameworks */ = {isa = PBXBuildFile; fileRef = DD18D8E789F364BE121DFE57 /* Pods_stepcity.framework */; };
/* End PBXBuildFile section */

/* Begin PBXFileReference section */
		10E9874759411529DD37AA90 /* Pods-stepcity.debug.xcconfig */ = {isa = PBXFileReference; includeInIndex = 1; lastKnownFileType = text.xcconfig; name = "Pods-stepcity.debug.xcconfig"; path = "Target Support Files/Pods-stepcity/Pods-stepcity.debug.xcconfig"; sourceTree = "<group>"; };
		333056982544F17900D557A5 /* SignUpViewController.swift */ = {isa = PBXFileReference; lastKnownFileType = sourcecode.swift; path = SignUpViewController.swift; sourceTree = "<group>"; };
		3330569A2544F18D00D557A5 /* LoginViewController.swift */ = {isa = PBXFileReference; lastKnownFileType = sourcecode.swift; path = LoginViewController.swift; sourceTree = "<group>"; };
		3330569C2544F19C00D557A5 /* HomeViewController.swift */ = {isa = PBXFileReference; lastKnownFileType = sourcecode.swift; path = HomeViewController.swift; sourceTree = "<group>"; };
		334809D425450DB7006AA26E /* GoogleService-Info.plist */ = {isa = PBXFileReference; fileEncoding = 4; lastKnownFileType = text.plist.xml; path = "GoogleService-Info.plist"; sourceTree = "<group>"; };
		336986742548A190000C9647 /* Constants.swift */ = {isa = PBXFileReference; lastKnownFileType = sourcecode.swift; name = Constants.swift; path = stepcity/Constants.swift; sourceTree = SOURCE_ROOT; };
		33807B91255C738F00158BC8 /* Roboto-Medium.ttf */ = {isa = PBXFileReference; lastKnownFileType = file; path = "Roboto-Medium.ttf"; sourceTree = "<group>"; };
		33807B92255C738F00158BC8 /* Roboto-Light.ttf */ = {isa = PBXFileReference; lastKnownFileType = file; path = "Roboto-Light.ttf"; sourceTree = "<group>"; };
		33807B93255C738F00158BC8 /* Roboto-Regular.ttf */ = {isa = PBXFileReference; lastKnownFileType = file; path = "Roboto-Regular.ttf"; sourceTree = "<group>"; };
		33807B94255C738F00158BC8 /* Roboto-MediumItalic.ttf */ = {isa = PBXFileReference; lastKnownFileType = file; path = "Roboto-MediumItalic.ttf"; sourceTree = "<group>"; };
		33807B95255C738F00158BC8 /* Roboto-ThinItalic.ttf */ = {isa = PBXFileReference; lastKnownFileType = file; path = "Roboto-ThinItalic.ttf"; sourceTree = "<group>"; };
		33807B96255C738F00158BC8 /* Roboto-BoldItalic.ttf */ = {isa = PBXFileReference; lastKnownFileType = file; path = "Roboto-BoldItalic.ttf"; sourceTree = "<group>"; };
		33807B97255C738F00158BC8 /* Roboto-LightItalic.ttf */ = {isa = PBXFileReference; lastKnownFileType = file; path = "Roboto-LightItalic.ttf"; sourceTree = "<group>"; };
		33807B98255C738F00158BC8 /* Roboto-Italic.ttf */ = {isa = PBXFileReference; lastKnownFileType = file; path = "Roboto-Italic.ttf"; sourceTree = "<group>"; };
		33807B99255C738F00158BC8 /* LICENSE.txt */ = {isa = PBXFileReference; fileEncoding = 4; lastKnownFileType = text; path = LICENSE.txt; sourceTree = "<group>"; };
		33807B9A255C738F00158BC8 /* Roboto-BlackItalic.ttf */ = {isa = PBXFileReference; lastKnownFileType = file; path = "Roboto-BlackItalic.ttf"; sourceTree = "<group>"; };
		33807B9B255C738F00158BC8 /* Roboto-Bold.ttf */ = {isa = PBXFileReference; lastKnownFileType = file; path = "Roboto-Bold.ttf"; sourceTree = "<group>"; };
		33807B9C255C738F00158BC8 /* Roboto-Thin.ttf */ = {isa = PBXFileReference; lastKnownFileType = file; path = "Roboto-Thin.ttf"; sourceTree = "<group>"; };
		33807B9D255C738F00158BC8 /* Roboto-Black.ttf */ = {isa = PBXFileReference; lastKnownFileType = file; path = "Roboto-Black.ttf"; sourceTree = "<group>"; };
		3397DE37253B5C9500C1A7A7 /* stepcity.app */ = {isa = PBXFileReference; explicitFileType = wrapper.application; includeInIndex = 0; path = stepcity.app; sourceTree = BUILT_PRODUCTS_DIR; };
		3397DE3A253B5C9500C1A7A7 /* AppDelegate.swift */ = {isa = PBXFileReference; lastKnownFileType = sourcecode.swift; path = AppDelegate.swift; sourceTree = "<group>"; };
		3397DE3C253B5C9500C1A7A7 /* SceneDelegate.swift */ = {isa = PBXFileReference; lastKnownFileType = sourcecode.swift; path = SceneDelegate.swift; sourceTree = "<group>"; };
		3397DE3E253B5C9500C1A7A7 /* ViewController.swift */ = {isa = PBXFileReference; lastKnownFileType = sourcecode.swift; path = ViewController.swift; sourceTree = "<group>"; };
		3397DE41253B5C9500C1A7A7 /* Base */ = {isa = PBXFileReference; lastKnownFileType = file.storyboard; name = Base; path = Base.lproj/Main.storyboard; sourceTree = "<group>"; };
		3397DE43253B5C9C00C1A7A7 /* Assets.xcassets */ = {isa = PBXFileReference; lastKnownFileType = folder.assetcatalog; path = Assets.xcassets; sourceTree = "<group>"; };
		3397DE46253B5C9C00C1A7A7 /* Base */ = {isa = PBXFileReference; lastKnownFileType = file.storyboard; name = Base; path = Base.lproj/LaunchScreen.storyboard; sourceTree = "<group>"; };
		3397DE48253B5C9C00C1A7A7 /* Info.plist */ = {isa = PBXFileReference; lastKnownFileType = text.plist.xml; path = Info.plist; sourceTree = "<group>"; };
		33D261BB255704F400A08091 /* PixelOperatorSC.ttf */ = {isa = PBXFileReference; lastKnownFileType = file; path = PixelOperatorSC.ttf; sourceTree = "<group>"; };
		33D261BC255704F400A08091 /* PixelOperatorMono8.ttf */ = {isa = PBXFileReference; lastKnownFileType = file; path = PixelOperatorMono8.ttf; sourceTree = "<group>"; };
		33D261BD255704F400A08091 /* PixelOperator8.ttf */ = {isa = PBXFileReference; lastKnownFileType = file; path = PixelOperator8.ttf; sourceTree = "<group>"; };
		33D261BE255704F400A08091 /* PixelOperatorMono-Bold.ttf */ = {isa = PBXFileReference; lastKnownFileType = file; path = "PixelOperatorMono-Bold.ttf"; sourceTree = "<group>"; };
		33D261BF255704F400A08091 /* PixelOperator-Bold.ttf */ = {isa = PBXFileReference; lastKnownFileType = file; path = "PixelOperator-Bold.ttf"; sourceTree = "<group>"; };
		33D261C0255704F400A08091 /* PixelOperator8-Bold.ttf */ = {isa = PBXFileReference; lastKnownFileType = file; path = "PixelOperator8-Bold.ttf"; sourceTree = "<group>"; };
		33D261C1255704F400A08091 /* PixelOperatorHBSC.ttf */ = {isa = PBXFileReference; lastKnownFileType = file; path = PixelOperatorHBSC.ttf; sourceTree = "<group>"; };
		33D261C2255704F400A08091 /* PixelOperator.ttf */ = {isa = PBXFileReference; lastKnownFileType = file; path = PixelOperator.ttf; sourceTree = "<group>"; };
		33D261C3255704F400A08091 /* PixelOperatorHB8.ttf */ = {isa = PBXFileReference; lastKnownFileType = file; path = PixelOperatorHB8.ttf; sourceTree = "<group>"; };
		33D261C4255704F400A08091 /* PixelOperatorMonoHB.ttf */ = {isa = PBXFileReference; lastKnownFileType = file; path = PixelOperatorMonoHB.ttf; sourceTree = "<group>"; };
		33D261C5255704F400A08091 /* PixelOperatorMono.ttf */ = {isa = PBXFileReference; lastKnownFileType = file; path = PixelOperatorMono.ttf; sourceTree = "<group>"; };
		33D261C6255704F400A08091 /* LICENSE.txt */ = {isa = PBXFileReference; fileEncoding = 4; lastKnownFileType = text; path = LICENSE.txt; sourceTree = "<group>"; };
		33D261C7255704F400A08091 /* PixelOperatorHB.ttf */ = {isa = PBXFileReference; lastKnownFileType = file; path = PixelOperatorHB.ttf; sourceTree = "<group>"; };
		33D261C8255704F400A08091 /* PixelOperatorMonoHB8.ttf */ = {isa = PBXFileReference; lastKnownFileType = file; path = PixelOperatorMonoHB8.ttf; sourceTree = "<group>"; };
		33D261C9255704F400A08091 /* PixelOperatorSC-Bold.ttf */ = {isa = PBXFileReference; lastKnownFileType = file; path = "PixelOperatorSC-Bold.ttf"; sourceTree = "<group>"; };
		33D261CA255704F400A08091 /* PixelOperatorMono8-Bold.ttf */ = {isa = PBXFileReference; lastKnownFileType = file; path = "PixelOperatorMono8-Bold.ttf"; sourceTree = "<group>"; };
		33E0AC14254796C100FF5CF3 /* LoadingViewController.swift */ = {isa = PBXFileReference; lastKnownFileType = sourcecode.swift; path = LoadingViewController.swift; sourceTree = "<group>"; };
		8EB3EBA22ECCC066FCFEE7FD /* Pods-stepcity.release.xcconfig */ = {isa = PBXFileReference; includeInIndex = 1; lastKnownFileType = text.xcconfig; name = "Pods-stepcity.release.xcconfig"; path = "Target Support Files/Pods-stepcity/Pods-stepcity.release.xcconfig"; sourceTree = "<group>"; };
		DD18D8E789F364BE121DFE57 /* Pods_stepcity.framework */ = {isa = PBXFileReference; explicitFileType = wrapper.framework; includeInIndex = 0; path = Pods_stepcity.framework; sourceTree = BUILT_PRODUCTS_DIR; };
/* End PBXFileReference section */

/* Begin PBXFrameworksBuildPhase section */
		3397DE34253B5C9500C1A7A7 /* Frameworks */ = {
			isa = PBXFrameworksBuildPhase;
			buildActionMask = 2147483647;
			files = (
				E627EBDAA2B85C33347DFE7E /* Pods_stepcity.framework in Frameworks */,
			);
			runOnlyForDeploymentPostprocessing = 0;
		};
/* End PBXFrameworksBuildPhase section */

/* Begin PBXGroup section */
		069DA7398D0B40ED8600FC33 /* Frameworks */ = {
			isa = PBXGroup;
			children = (
				DD18D8E789F364BE121DFE57 /* Pods_stepcity.framework */,
			);
			name = Frameworks;
			sourceTree = "<group>";
		};
		3330569E2544F1AC00D557A5 /* Signup-Login */ = {
			isa = PBXGroup;
			children = (
				333056982544F17900D557A5 /* SignUpViewController.swift */,
				3330569A2544F18D00D557A5 /* LoginViewController.swift */,
				3330569C2544F19C00D557A5 /* HomeViewController.swift */,
				33E0AC14254796C100FF5CF3 /* LoadingViewController.swift */,
			);
			path = "Signup-Login";
			sourceTree = "<group>";
		};
		336986732548A167000C9647 /* Helpers */ = {
			isa = PBXGroup;
			children = (
				33807B90255C738F00158BC8 /* Roboto */,
				33D261BA255704F400A08091 /* pixel_operator */,
				334809D425450DB7006AA26E /* GoogleService-Info.plist */,
				336986742548A190000C9647 /* Constants.swift */,
			);
			path = Helpers;
			sourceTree = "<group>";
		};
		33807B90255C738F00158BC8 /* Roboto */ = {
			isa = PBXGroup;
			children = (
				33807B91255C738F00158BC8 /* Roboto-Medium.ttf */,
				33807B92255C738F00158BC8 /* Roboto-Light.ttf */,
				33807B93255C738F00158BC8 /* Roboto-Regular.ttf */,
				33807B94255C738F00158BC8 /* Roboto-MediumItalic.ttf */,
				33807B95255C738F00158BC8 /* Roboto-ThinItalic.ttf */,
				33807B96255C738F00158BC8 /* Roboto-BoldItalic.ttf */,
				33807B97255C738F00158BC8 /* Roboto-LightItalic.ttf */,
				33807B98255C738F00158BC8 /* Roboto-Italic.ttf */,
				33807B99255C738F00158BC8 /* LICENSE.txt */,
				33807B9A255C738F00158BC8 /* Roboto-BlackItalic.ttf */,
				33807B9B255C738F00158BC8 /* Roboto-Bold.ttf */,
				33807B9C255C738F00158BC8 /* Roboto-Thin.ttf */,
				33807B9D255C738F00158BC8 /* Roboto-Black.ttf */,
			);
			path = Roboto;
			sourceTree = "<group>";
		};
		3397DE2E253B5C9500C1A7A7 = {
			isa = PBXGroup;
			children = (
				3397DE39253B5C9500C1A7A7 /* stepcity */,
				3397DE38253B5C9500C1A7A7 /* Products */,
				F7494FBF458DCF517E6E02DA /* Pods */,
				069DA7398D0B40ED8600FC33 /* Frameworks */,
			);
			sourceTree = "<group>";
		};
		3397DE38253B5C9500C1A7A7 /* Products */ = {
			isa = PBXGroup;
			children = (
				3397DE37253B5C9500C1A7A7 /* stepcity.app */,
			);
			name = Products;
			sourceTree = "<group>";
		};
		3397DE39253B5C9500C1A7A7 /* stepcity */ = {
			isa = PBXGroup;
			children = (
				336986732548A167000C9647 /* Helpers */,
				3330569E2544F1AC00D557A5 /* Signup-Login */,
				3397DE3A253B5C9500C1A7A7 /* AppDelegate.swift */,
				3397DE3E253B5C9500C1A7A7 /* ViewController.swift */,
				3397DE3C253B5C9500C1A7A7 /* SceneDelegate.swift */,
				3397DE40253B5C9500C1A7A7 /* Main.storyboard */,
				3397DE43253B5C9C00C1A7A7 /* Assets.xcassets */,
				3397DE45253B5C9C00C1A7A7 /* LaunchScreen.storyboard */,
				3397DE48253B5C9C00C1A7A7 /* Info.plist */,
			);
			path = stepcity;
			sourceTree = "<group>";
		};
		33D261BA255704F400A08091 /* pixel_operator */ = {
			isa = PBXGroup;
			children = (
				33D261BB255704F400A08091 /* PixelOperatorSC.ttf */,
				33D261BC255704F400A08091 /* PixelOperatorMono8.ttf */,
				33D261BD255704F400A08091 /* PixelOperator8.ttf */,
				33D261BE255704F400A08091 /* PixelOperatorMono-Bold.ttf */,
				33D261BF255704F400A08091 /* PixelOperator-Bold.ttf */,
				33D261C0255704F400A08091 /* PixelOperator8-Bold.ttf */,
				33D261C1255704F400A08091 /* PixelOperatorHBSC.ttf */,
				33D261C2255704F400A08091 /* PixelOperator.ttf */,
				33D261C3255704F400A08091 /* PixelOperatorHB8.ttf */,
				33D261C4255704F400A08091 /* PixelOperatorMonoHB.ttf */,
				33D261C5255704F400A08091 /* PixelOperatorMono.ttf */,
				33D261C6255704F400A08091 /* LICENSE.txt */,
				33D261C7255704F400A08091 /* PixelOperatorHB.ttf */,
				33D261C8255704F400A08091 /* PixelOperatorMonoHB8.ttf */,
				33D261C9255704F400A08091 /* PixelOperatorSC-Bold.ttf */,
				33D261CA255704F400A08091 /* PixelOperatorMono8-Bold.ttf */,
			);
			path = pixel_operator;
			sourceTree = "<group>";
		};
		F7494FBF458DCF517E6E02DA /* Pods */ = {
			isa = PBXGroup;
			children = (
				10E9874759411529DD37AA90 /* Pods-stepcity.debug.xcconfig */,
				8EB3EBA22ECCC066FCFEE7FD /* Pods-stepcity.release.xcconfig */,
			);
			path = Pods;
			sourceTree = "<group>";
		};
/* End PBXGroup section */

/* Begin PBXNativeTarget section */
		3397DE36253B5C9500C1A7A7 /* stepcity */ = {
			isa = PBXNativeTarget;
			buildConfigurationList = 3397DE4B253B5C9D00C1A7A7 /* Build configuration list for PBXNativeTarget "stepcity" */;
			buildPhases = (
				E0C92BD02914F5A7DF96FD03 /* [CP] Check Pods Manifest.lock */,
				3397DE33253B5C9500C1A7A7 /* Sources */,
				3397DE34253B5C9500C1A7A7 /* Frameworks */,
				3397DE35253B5C9500C1A7A7 /* Resources */,
				19D93521A5E1800ECA92C6C8 /* [CP] Embed Pods Frameworks */,
			);
			buildRules = (
			);
			dependencies = (
			);
			name = stepcity;
			productName = stepcity;
			productReference = 3397DE37253B5C9500C1A7A7 /* stepcity.app */;
			productType = "com.apple.product-type.application";
		};
/* End PBXNativeTarget section */

/* Begin PBXProject section */
		3397DE2F253B5C9500C1A7A7 /* Project object */ = {
			isa = PBXProject;
			attributes = {
				LastSwiftUpdateCheck = 1150;
				LastUpgradeCheck = 1200;
				ORGANIZATIONNAME = "convergent health bt";
				TargetAttributes = {
					3397DE36253B5C9500C1A7A7 = {
						CreatedOnToolsVersion = 11.5;
					};
				};
			};
			buildConfigurationList = 3397DE32253B5C9500C1A7A7 /* Build configuration list for PBXProject "stepcity" */;
			compatibilityVersion = "Xcode 9.3";
			developmentRegion = en;
			hasScannedForEncodings = 0;
			knownRegions = (
				en,
				Base,
			);
			mainGroup = 3397DE2E253B5C9500C1A7A7;
			productRefGroup = 3397DE38253B5C9500C1A7A7 /* Products */;
			projectDirPath = "";
			projectRoot = "";
			targets = (
				3397DE36253B5C9500C1A7A7 /* stepcity */,
			);
		};
/* End PBXProject section */

/* Begin PBXResourcesBuildPhase section */
		3397DE35253B5C9500C1A7A7 /* Resources */ = {
			isa = PBXResourcesBuildPhase;
			buildActionMask = 2147483647;
			files = (
				33807BA9255C739000158BC8 /* Roboto-Thin.ttf in Resources */,
				33D261D4255704F400A08091 /* PixelOperatorMonoHB.ttf in Resources */,
				3397DE47253B5C9C00C1A7A7 /* LaunchScreen.storyboard in Resources */,
				33D261D3255704F400A08091 /* PixelOperatorHB8.ttf in Resources */,
				33D261D0255704F400A08091 /* PixelOperator8-Bold.ttf in Resources */,
				33807BAA255C739000158BC8 /* Roboto-Black.ttf in Resources */,
				33807BA3255C739000158BC8 /* Roboto-BoldItalic.ttf in Resources */,
				33807BA1255C739000158BC8 /* Roboto-MediumItalic.ttf in Resources */,
				33807BA2255C739000158BC8 /* Roboto-ThinItalic.ttf in Resources */,
				33807BA7255C739000158BC8 /* Roboto-BlackItalic.ttf in Resources */,
				33D261DA255704F400A08091 /* PixelOperatorMono8-Bold.ttf in Resources */,
				33D261CB255704F400A08091 /* PixelOperatorSC.ttf in Resources */,
				33D261D8255704F400A08091 /* PixelOperatorMonoHB8.ttf in Resources */,
				33D261D7255704F400A08091 /* PixelOperatorHB.ttf in Resources */,
				33D261CF255704F400A08091 /* PixelOperator-Bold.ttf in Resources */,
				334809D525450DB7006AA26E /* GoogleService-Info.plist in Resources */,
				33D261CE255704F400A08091 /* PixelOperatorMono-Bold.ttf in Resources */,
				33807BA4255C739000158BC8 /* Roboto-LightItalic.ttf in Resources */,
				33D261D1255704F400A08091 /* PixelOperatorHBSC.ttf in Resources */,
				33D261CD255704F400A08091 /* PixelOperator8.ttf in Resources */,
				33D261D5255704F400A08091 /* PixelOperatorMono.ttf in Resources */,
				33807B9F255C739000158BC8 /* Roboto-Light.ttf in Resources */,
				3397DE44253B5C9C00C1A7A7 /* Assets.xcassets in Resources */,
				33D261D6255704F400A08091 /* LICENSE.txt in Resources */,
				33D261D9255704F400A08091 /* PixelOperatorSC-Bold.ttf in Resources */,
				33807BA0255C739000158BC8 /* Roboto-Regular.ttf in Resources */,
				33807B9E255C739000158BC8 /* Roboto-Medium.ttf in Resources */,
				3397DE42253B5C9500C1A7A7 /* Main.storyboard in Resources */,
				33807BA5255C739000158BC8 /* Roboto-Italic.ttf in Resources */,
				33D261CC255704F400A08091 /* PixelOperatorMono8.ttf in Resources */,
				33807BA8255C739000158BC8 /* Roboto-Bold.ttf in Resources */,
				33D261D2255704F400A08091 /* PixelOperator.ttf in Resources */,
			);
			runOnlyForDeploymentPostprocessing = 0;
		};
/* End PBXResourcesBuildPhase section */

/* Begin PBXShellScriptBuildPhase section */
		19D93521A5E1800ECA92C6C8 /* [CP] Embed Pods Frameworks */ = {
			isa = PBXShellScriptBuildPhase;
			buildActionMask = 2147483647;
			files = (
			);
			inputFileListPaths = (
				"${PODS_ROOT}/Target Support Files/Pods-stepcity/Pods-stepcity-frameworks-${CONFIGURATION}-input-files.xcfilelist",
			);
			name = "[CP] Embed Pods Frameworks";
			outputFileListPaths = (
				"${PODS_ROOT}/Target Support Files/Pods-stepcity/Pods-stepcity-frameworks-${CONFIGURATION}-output-files.xcfilelist",
			);
			runOnlyForDeploymentPostprocessing = 0;
			shellPath = /bin/sh;
			shellScript = "\"${PODS_ROOT}/Target Support Files/Pods-stepcity/Pods-stepcity-frameworks.sh\"\n";
			showEnvVarsInLog = 0;
		};
		E0C92BD02914F5A7DF96FD03 /* [CP] Check Pods Manifest.lock */ = {
			isa = PBXShellScriptBuildPhase;
			buildActionMask = 2147483647;
			files = (
			);
			inputFileListPaths = (
			);
			inputPaths = (
				"${PODS_PODFILE_DIR_PATH}/Podfile.lock",
				"${PODS_ROOT}/Manifest.lock",
			);
			name = "[CP] Check Pods Manifest.lock";
			outputFileListPaths = (
			);
			outputPaths = (
				"$(DERIVED_FILE_DIR)/Pods-stepcity-checkManifestLockResult.txt",
			);
			runOnlyForDeploymentPostprocessing = 0;
			shellPath = /bin/sh;
			shellScript = "diff \"${PODS_PODFILE_DIR_PATH}/Podfile.lock\" \"${PODS_ROOT}/Manifest.lock\" > /dev/null\nif [ $? != 0 ] ; then\n    # print error to STDERR\n    echo \"error: The sandbox is not in sync with the Podfile.lock. Run 'pod install' or update your CocoaPods installation.\" >&2\n    exit 1\nfi\n# This output is used by Xcode 'outputs' to avoid re-running this script phase.\necho \"SUCCESS\" > \"${SCRIPT_OUTPUT_FILE_0}\"\n";
			showEnvVarsInLog = 0;
		};
/* End PBXShellScriptBuildPhase section */

/* Begin PBXSourcesBuildPhase section */
		3397DE33253B5C9500C1A7A7 /* Sources */ = {
			isa = PBXSourcesBuildPhase;
			buildActionMask = 2147483647;
			files = (
				33E0AC15254796C100FF5CF3 /* LoadingViewController.swift in Sources */,
				3397DE3F253B5C9500C1A7A7 /* ViewController.swift in Sources */,
				3397DE3B253B5C9500C1A7A7 /* AppDelegate.swift in Sources */,
				333056992544F17900D557A5 /* SignUpViewController.swift in Sources */,
				3330569B2544F18D00D557A5 /* LoginViewController.swift in Sources */,
				3397DE3D253B5C9500C1A7A7 /* SceneDelegate.swift in Sources */,
				3330569D2544F19C00D557A5 /* HomeViewController.swift in Sources */,
				336986752548A190000C9647 /* Constants.swift in Sources */,
			);
			runOnlyForDeploymentPostprocessing = 0;
		};
/* End PBXSourcesBuildPhase section */

/* Begin PBXVariantGroup section */
		3397DE40253B5C9500C1A7A7 /* Main.storyboard */ = {
			isa = PBXVariantGroup;
			children = (
				3397DE41253B5C9500C1A7A7 /* Base */,
			);
			name = Main.storyboard;
			sourceTree = "<group>";
		};
		3397DE45253B5C9C00C1A7A7 /* LaunchScreen.storyboard */ = {
			isa = PBXVariantGroup;
			children = (
				3397DE46253B5C9C00C1A7A7 /* Base */,
			);
			name = LaunchScreen.storyboard;
			sourceTree = "<group>";
		};
/* End PBXVariantGroup section */

/* Begin XCBuildConfiguration section */
		3397DE49253B5C9D00C1A7A7 /* Debug */ = {
			isa = XCBuildConfiguration;
			buildSettings = {
				ALWAYS_SEARCH_USER_PATHS = NO;
				CLANG_ANALYZER_NONNULL = YES;
				CLANG_ANALYZER_NUMBER_OBJECT_CONVERSION = YES_AGGRESSIVE;
				CLANG_CXX_LANGUAGE_STANDARD = "gnu++14";
				CLANG_CXX_LIBRARY = "libc++";
				CLANG_ENABLE_MODULES = YES;
				CLANG_ENABLE_OBJC_ARC = YES;
				CLANG_ENABLE_OBJC_WEAK = YES;
				CLANG_WARN_BLOCK_CAPTURE_AUTORELEASING = YES;
				CLANG_WARN_BOOL_CONVERSION = YES;
				CLANG_WARN_COMMA = YES;
				CLANG_WARN_CONSTANT_CONVERSION = YES;
				CLANG_WARN_DEPRECATED_OBJC_IMPLEMENTATIONS = YES;
				CLANG_WARN_DIRECT_OBJC_ISA_USAGE = YES_ERROR;
				CLANG_WARN_DOCUMENTATION_COMMENTS = YES;
				CLANG_WARN_EMPTY_BODY = YES;
				CLANG_WARN_ENUM_CONVERSION = YES;
				CLANG_WARN_INFINITE_RECURSION = YES;
				CLANG_WARN_INT_CONVERSION = YES;
				CLANG_WARN_NON_LITERAL_NULL_CONVERSION = YES;
				CLANG_WARN_OBJC_IMPLICIT_RETAIN_SELF = YES;
				CLANG_WARN_OBJC_LITERAL_CONVERSION = YES;
				CLANG_WARN_OBJC_ROOT_CLASS = YES_ERROR;
				CLANG_WARN_QUOTED_INCLUDE_IN_FRAMEWORK_HEADER = YES;
				CLANG_WARN_RANGE_LOOP_ANALYSIS = YES;
				CLANG_WARN_STRICT_PROTOTYPES = YES;
				CLANG_WARN_SUSPICIOUS_MOVE = YES;
				CLANG_WARN_UNGUARDED_AVAILABILITY = YES_AGGRESSIVE;
				CLANG_WARN_UNREACHABLE_CODE = YES;
				CLANG_WARN__DUPLICATE_METHOD_MATCH = YES;
				COPY_PHASE_STRIP = NO;
				DEBUG_INFORMATION_FORMAT = dwarf;
				ENABLE_STRICT_OBJC_MSGSEND = YES;
				ENABLE_TESTABILITY = YES;
				GCC_C_LANGUAGE_STANDARD = gnu11;
				GCC_DYNAMIC_NO_PIC = NO;
				GCC_NO_COMMON_BLOCKS = YES;
				GCC_OPTIMIZATION_LEVEL = 0;
				GCC_PREPROCESSOR_DEFINITIONS = (
					"DEBUG=1",
					"$(inherited)",
				);
				GCC_WARN_64_TO_32_BIT_CONVERSION = YES;
				GCC_WARN_ABOUT_RETURN_TYPE = YES_ERROR;
				GCC_WARN_UNDECLARED_SELECTOR = YES;
				GCC_WARN_UNINITIALIZED_AUTOS = YES_AGGRESSIVE;
				GCC_WARN_UNUSED_FUNCTION = YES;
				GCC_WARN_UNUSED_VARIABLE = YES;
				IPHONEOS_DEPLOYMENT_TARGET = 13.5;
				MTL_ENABLE_DEBUG_INFO = INCLUDE_SOURCE;
				MTL_FAST_MATH = YES;
				ONLY_ACTIVE_ARCH = YES;
				SDKROOT = iphoneos;
				SWIFT_ACTIVE_COMPILATION_CONDITIONS = DEBUG;
				SWIFT_OPTIMIZATION_LEVEL = "-Onone";
			};
			name = Debug;
		};
		3397DE4A253B5C9D00C1A7A7 /* Release */ = {
			isa = XCBuildConfiguration;
			buildSettings = {
				ALWAYS_SEARCH_USER_PATHS = NO;
				CLANG_ANALYZER_NONNULL = YES;
				CLANG_ANALYZER_NUMBER_OBJECT_CONVERSION = YES_AGGRESSIVE;
				CLANG_CXX_LANGUAGE_STANDARD = "gnu++14";
				CLANG_CXX_LIBRARY = "libc++";
				CLANG_ENABLE_MODULES = YES;
				CLANG_ENABLE_OBJC_ARC = YES;
				CLANG_ENABLE_OBJC_WEAK = YES;
				CLANG_WARN_BLOCK_CAPTURE_AUTORELEASING = YES;
				CLANG_WARN_BOOL_CONVERSION = YES;
				CLANG_WARN_COMMA = YES;
				CLANG_WARN_CONSTANT_CONVERSION = YES;
				CLANG_WARN_DEPRECATED_OBJC_IMPLEMENTATIONS = YES;
				CLANG_WARN_DIRECT_OBJC_ISA_USAGE = YES_ERROR;
				CLANG_WARN_DOCUMENTATION_COMMENTS = YES;
				CLANG_WARN_EMPTY_BODY = YES;
				CLANG_WARN_ENUM_CONVERSION = YES;
				CLANG_WARN_INFINITE_RECURSION = YES;
				CLANG_WARN_INT_CONVERSION = YES;
				CLANG_WARN_NON_LITERAL_NULL_CONVERSION = YES;
				CLANG_WARN_OBJC_IMPLICIT_RETAIN_SELF = YES;
				CLANG_WARN_OBJC_LITERAL_CONVERSION = YES;
				CLANG_WARN_OBJC_ROOT_CLASS = YES_ERROR;
				CLANG_WARN_QUOTED_INCLUDE_IN_FRAMEWORK_HEADER = YES;
				CLANG_WARN_RANGE_LOOP_ANALYSIS = YES;
				CLANG_WARN_STRICT_PROTOTYPES = YES;
				CLANG_WARN_SUSPICIOUS_MOVE = YES;
				CLANG_WARN_UNGUARDED_AVAILABILITY = YES_AGGRESSIVE;
				CLANG_WARN_UNREACHABLE_CODE = YES;
				CLANG_WARN__DUPLICATE_METHOD_MATCH = YES;
				COPY_PHASE_STRIP = NO;
				DEBUG_INFORMATION_FORMAT = "dwarf-with-dsym";
				ENABLE_NS_ASSERTIONS = NO;
				ENABLE_STRICT_OBJC_MSGSEND = YES;
				GCC_C_LANGUAGE_STANDARD = gnu11;
				GCC_NO_COMMON_BLOCKS = YES;
				GCC_WARN_64_TO_32_BIT_CONVERSION = YES;
				GCC_WARN_ABOUT_RETURN_TYPE = YES_ERROR;
				GCC_WARN_UNDECLARED_SELECTOR = YES;
				GCC_WARN_UNINITIALIZED_AUTOS = YES_AGGRESSIVE;
				GCC_WARN_UNUSED_FUNCTION = YES;
				GCC_WARN_UNUSED_VARIABLE = YES;
				IPHONEOS_DEPLOYMENT_TARGET = 13.5;
				MTL_ENABLE_DEBUG_INFO = NO;
				MTL_FAST_MATH = YES;
				SDKROOT = iphoneos;
				SWIFT_COMPILATION_MODE = wholemodule;
				SWIFT_OPTIMIZATION_LEVEL = "-O";
				VALIDATE_PRODUCT = YES;
			};
			name = Release;
		};
		3397DE4C253B5C9D00C1A7A7 /* Debug */ = {
			isa = XCBuildConfiguration;
			baseConfigurationReference = 10E9874759411529DD37AA90 /* Pods-stepcity.debug.xcconfig */;
			buildSettings = {
				ASSETCATALOG_COMPILER_APPICON_NAME = AppIcon;
				CODE_SIGN_STYLE = Automatic;
				DEVELOPMENT_TEAM = 9U3WTVQ9J9;
				INFOPLIST_FILE = stepcity/Info.plist;
				LD_RUNPATH_SEARCH_PATHS = (
					"$(inherited)",
					"@executable_path/Frameworks",
				);
				PRODUCT_BUNDLE_IDENTIFIER = com.example.stepcity;
				PRODUCT_NAME = "$(TARGET_NAME)";
				SWIFT_VERSION = 5.0;
				TARGETED_DEVICE_FAMILY = "1,2";
			};
			name = Debug;
		};
		3397DE4D253B5C9D00C1A7A7 /* Release */ = {
			isa = XCBuildConfiguration;
			baseConfigurationReference = 8EB3EBA22ECCC066FCFEE7FD /* Pods-stepcity.release.xcconfig */;
			buildSettings = {
				ASSETCATALOG_COMPILER_APPICON_NAME = AppIcon;
				CODE_SIGN_STYLE = Automatic;
				DEVELOPMENT_TEAM = 9U3WTVQ9J9;
				INFOPLIST_FILE = stepcity/Info.plist;
				LD_RUNPATH_SEARCH_PATHS = (
					"$(inherited)",
					"@executable_path/Frameworks",
				);
				PRODUCT_BUNDLE_IDENTIFIER = com.example.stepcity;
				PRODUCT_NAME = "$(TARGET_NAME)";
				SWIFT_VERSION = 5.0;
				TARGETED_DEVICE_FAMILY = "1,2";
			};
			name = Release;
		};
/* End XCBuildConfiguration section */

/* Begin XCConfigurationList section */
		3397DE32253B5C9500C1A7A7 /* Build configuration list for PBXProject "stepcity" */ = {
			isa = XCConfigurationList;
			buildConfigurations = (
				3397DE49253B5C9D00C1A7A7 /* Debug */,
				3397DE4A253B5C9D00C1A7A7 /* Release */,
			);
			defaultConfigurationIsVisible = 0;
			defaultConfigurationName = Release;
		};
		3397DE4B253B5C9D00C1A7A7 /* Build configuration list for PBXNativeTarget "stepcity" */ = {
			isa = XCConfigurationList;
			buildConfigurations = (
				3397DE4C253B5C9D00C1A7A7 /* Debug */,
				3397DE4D253B5C9D00C1A7A7 /* Release */,
			);
			defaultConfigurationIsVisible = 0;
			defaultConfigurationName = Release;
		};
/* End XCConfigurationList section */
	};
	rootObject = 3397DE2F253B5C9500C1A7A7 /* Project object */;
}
